
Microsoft Visual Studio Solution File, Format Version 12.00
# Visual Studio Version 16
VisualStudioVersion = 25.0.1705.2
MinimumVisualStudioVersion = 10.0.40219.1
Project("{FAE04EC0-301F-11D3-BF4B-00C04F79EFBC}") = "StudentAdminPortal.API", "StudentAdminPortal.API\StudentAdminPortal.API.csproj", "{B1D90F64-BC1D-4BE7-8DE2-64E236837C44}"
EndProject
Global
	GlobalSection(SolutionConfigurationPlatforms) = preSolution
		Debug|Any CPU = Debug|Any CPU
		Release|Any CPU = Release|Any CPU
	EndGlobalSection
	GlobalSection(ProjectConfigurationPlatforms) = postSolution
		{B1D90F64-BC1D-4BE7-8DE2-64E236837C44}.Debug|Any CPU.ActiveCfg = Debug|Any CPU
		{B1D90F64-BC1D-4BE7-8DE2-64E236837C44}.Debug|Any CPU.Build.0 = Debug|Any CPU
		{B1D90F64-BC1D-4BE7-8DE2-64E236837C44}.Release|Any CPU.ActiveCfg = Release|Any CPU
		{B1D90F64-BC1D-4BE7-8DE2-64E236837C44}.Release|Any CPU.Build.0 = Release|Any CPU
	EndGlobalSection
	GlobalSection(SolutionProperties) = preSolution
		HideSolutionNode = FALSE
	EndGlobalSection
	GlobalSection(ExtensibilityGlobals) = postSolution
		SolutionGuid = {614280EF-77D1-4435-BE1D-4C3B0EE6F169}
	EndGlobalSection
EndGlobal
